
Microsoft Visual Studio Solution File, Format Version 12.00
# Visual Studio 2012
Project("{FAE04EC0-301F-11D3-BF4B-00C04F79EFBC}") = "AMS.WEB.MFBarcodeCollectionConfigTool", "AMS.WEB.MFBarcodeCollectionConfigTool\AMS.WEB.MFBarcodeCollectionConfigTool.csproj", "{99209EBD-4498-41EE-8BC5-98C04B3CC1DF}"
EndProject
Project("{FAE04EC0-301F-11D3-BF4B-00C04F79EFBC}") = "AMS.WEB.BrowserDownloadPlugin", "AMS.WEB.BrowserDownloadPlugin\AMS.WEB.BrowserDownloadPlugin.csproj", "{A3182BA2-636C-4D67-8920-3F1C1C62EBDA}"
EndProject
Global
	GlobalSection(SolutionConfigurationPlatforms) = preSolution
		Debug|Any CPU = Debug|Any CPU
		Release|Any CPU = Release|Any CPU
	EndGlobalSection
	GlobalSection(ProjectConfigurationPlatforms) = postSolution
		{99209EBD-4498-41EE-8BC5-98C04B3CC1DF}.Debug|Any CPU.ActiveCfg = Debug|Any CPU
		{99209EBD-4498-41EE-8BC5-98C04B3CC1DF}.Debug|Any CPU.Build.0 = Debug|Any CPU
		{99209EBD-4498-41EE-8BC5-98C04B3CC1DF}.Release|Any CPU.ActiveCfg = Release|Any CPU
		{99209EBD-4498-41EE-8BC5-98C04B3CC1DF}.Release|Any CPU.Build.0 = Release|Any CPU
		{A3182BA2-636C-4D67-8920-3F1C1C62EBDA}.Debug|Any CPU.ActiveCfg = Debug|Any CPU
		{A3182BA2-636C-4D67-8920-3F1C1C62EBDA}.Debug|Any CPU.Build.0 = Debug|Any CPU
		{A3182BA2-636C-4D67-8920-3F1C1C62EBDA}.Release|Any CPU.ActiveCfg = Release|Any CPU
		{A3182BA2-636C-4D67-8920-3F1C1C62EBDA}.Release|Any CPU.Build.0 = Release|Any CPU
	EndGlobalSection
	GlobalSection(SolutionProperties) = preSolution
		HideSolutionNode = FALSE
	EndGlobalSection
EndGlobal
